// !$*UTF8*$!
{
	archiveVersion = 1;
	classes = {
	};
	objectVersion = 50;
	objects = {

/* Begin PBXBuildFile section */
		B4B45509247FBF0500503E29 /* AppDelegate.swift in Sources */ = {isa = PBXBuildFile; fileRef = B4B45508247FBF0500503E29 /* AppDelegate.swift */; };
		B4B4550B247FBF0500503E29 /* SceneDelegate.swift in Sources */ = {isa = PBXBuildFile; fileRef = B4B4550A247FBF0500503E29 /* SceneDelegate.swift */; };
		B4B4550D247FBF0500503E29 /* ViewController.swift in Sources */ = {isa = PBXBuildFile; fileRef = B4B4550C247FBF0500503E29 /* ViewController.swift */; };
		B4B45510247FBF0500503E29 /* Main.storyboard in Resources */ = {isa = PBXBuildFile; fileRef = B4B4550E247FBF0500503E29 /* Main.storyboard */; };
		B4B45512247FBF0700503E29 /* Assets.xcassets in Resources */ = {isa = PBXBuildFile; fileRef = B4B45511247FBF0700503E29 /* Assets.xcassets */; };
		B4B45515247FBF0700503E29 /* LaunchScreen.storyboard in Resources */ = {isa = PBXBuildFile; fileRef = B4B45513247FBF0700503E29 /* LaunchScreen.storyboard */; };
		B4B45520247FBF0700503E29 /* testTests.swift in Sources */ = {isa = PBXBuildFile; fileRef = B4B4551F247FBF0700503E29 /* testTests.swift */; };
		B4B4552B247FBF0700503E29 /* testUITests.swift in Sources */ = {isa = PBXBuildFile; fileRef = B4B4552A247FBF0700503E29 /* testUITests.swift */; };
/* End PBXBuildFile section */

/* Begin PBXContainerItemProxy section */
		B4B4551C247FBF0700503E29 /* PBXContainerItemProxy */ = {
			isa = PBXContainerItemProxy;
			containerPortal = B4B454FD247FBF0500503E29 /* Project object */;
			proxyType = 1;
			remoteGlobalIDString = B4B45504247FBF0500503E29;
			remoteInfo = test;
		};
		B4B45527247FBF0700503E29 /* PBXContainerItemProxy */ = {
			isa = PBXContainerItemProxy;
			containerPortal = B4B454FD247FBF0500503E29 /* Project object */;
			proxyType = 1;
			remoteGlobalIDString = B4B45504247FBF0500503E29;
			remoteInfo = test;
		};
/* End PBXContainerItemProxy section */

/* Begin PBXFileReference section */
		B4B45505247FBF0500503E29 /* test.app */ = {isa = PBXFileReference; explicitFileType = wrapper.application; includeInIndex = 0; path = test.app; sourceTree = BUILT_PRODUCTS_DIR; };
		B4B45508247FBF0500503E29 /* AppDelegate.swift */ = {isa = PBXFileReference; lastKnownFileType = sourcecode.swift; path = AppDelegate.swift; sourceTree = "<group>"; };
		B4B4550A247FBF0500503E29 /* SceneDelegate.swift */ = {isa = PBXFileReference; lastKnownFileType = sourcecode.swift; path = SceneDelegate.swift; sourceTree = "<group>"; };
		B4B4550C247FBF0500503E29 /* ViewController.swift */ = {isa = PBXFileReference; lastKnownFileType = sourcecode.swift; path = ViewController.swift; sourceTree = "<group>"; };
		B4B4550F247FBF0500503E29 /* Base */ = {isa = PBXFileReference; lastKnownFileType = file.storyboard; name = Base; path = Base.lproj/Main.storyboard; sourceTree = "<group>"; };
		B4B45511247FBF0700503E29 /* Assets.xcassets */ = {isa = PBXFileReference; lastKnownFileType = folder.assetcatalog; path = Assets.xcassets; sourceTree = "<group>"; };
		B4B45514247FBF0700503E29 /* Base */ = {isa = PBXFileReference; lastKnownFileType = file.storyboard; name = Base; path = Base.lproj/LaunchScreen.storyboard; sourceTree = "<group>"; };
		B4B45516247FBF0700503E29 /* Info.plist */ = {isa = PBXFileReference; lastKnownFileType = text.plist.xml; path = Info.plist; sourceTree = "<group>"; };
		B4B4551B247FBF0700503E29 /* testTests.xctest */ = {isa = PBXFileReference; explicitFileType = wrapper.cfbundle; includeInIndex = 0; path = testTests.xctest; sourceTree = BUILT_PRODUCTS_DIR; };
		B4B4551F247FBF0700503E29 /* testTests.swift */ = {isa = PBXFileReference; lastKnownFileType = sourcecode.swift; path = testTests.swift; sourceTree = "<group>"; };
		B4B45521247FBF0700503E29 /* Info.plist */ = {isa = PBXFileReference; lastKnownFileType = text.plist.xml; path = Info.plist; sourceTree = "<group>"; };
		B4B45526247FBF0700503E29 /* testUITests.xctest */ = {isa = PBXFileReference; explicitFileType = wrapper.cfbundle; includeInIndex = 0; path = testUITests.xctest; sourceTree = BUILT_PRODUCTS_DIR; };
		B4B4552A247FBF0700503E29 /* testUITests.swift */ = {isa = PBXFileReference; lastKnownFileType = sourcecode.swift; path = testUITests.swift; sourceTree = "<group>"; };
		B4B4552C247FBF0700503E29 /* Info.plist */ = {isa = PBXFileReference; lastKnownFileType = text.plist.xml; path = Info.plist; sourceTree = "<group>"; };
/* End PBXFileReference section */

/* Begin PBXFrameworksBuildPhase section */
		B4B45502247FBF0500503E29 /* Frameworks */ = {
			isa = PBXFrameworksBuildPhase;
			buildActionMask = 2147483647;
			files = (
			);
			runOnlyForDeploymentPostprocessing = 0;
		};
		B4B45518247FBF0700503E29 /* Frameworks */ = {
			isa = PBXFrameworksBuildPhase;
			buildActionMask = 2147483647;
			files = (
			);
			runOnlyForDeploymentPostprocessing = 0;
		};
		B4B45523247FBF0700503E29 /* Frameworks */ = {
			isa = PBXFrameworksBuildPhase;
			buildActionMask = 2147483647;
			files = (
			);
			runOnlyForDeploymentPostprocessing = 0;
		};
/* End PBXFrameworksBuildPhase section */

/* Begin PBXGroup section */
		B4B454FC247FBF0500503E29 = {
			isa = PBXGroup;
			children = (
				B4B45507247FBF0500503E29 /* test */,
				B4B4551E247FBF0700503E29 /* testTests */,
				B4B45529247FBF0700503E29 /* testUITests */,
				B4B45506247FBF0500503E29 /* Products */,
			);
			sourceTree = "<group>";
		};
		B4B45506247FBF0500503E29 /* Products */ = {
			isa = PBXGroup;
			children = (
				B4B45505247FBF0500503E29 /* test.app */,
				B4B4551B247FBF0700503E29 /* testTests.xctest */,
				B4B45526247FBF0700503E29 /* testUITests.xctest */,
			);
			name = Products;
			sourceTree = "<group>";
		};
		B4B45507247FBF0500503E29 /* test */ = {
			isa = PBXGroup;
			children = (
				B4B45508247FBF0500503E29 /* AppDelegate.swift */,
				B4B4550A247FBF0500503E29 /* SceneDelegate.swift */,
				B4B4550C247FBF0500503E29 /* ViewController.swift */,
				B4B4550E247FBF0500503E29 /* Main.storyboard */,
				B4B45511247FBF0700503E29 /* Assets.xcassets */,
				B4B45513247FBF0700503E29 /* LaunchScreen.storyboard */,
				B4B45516247FBF0700503E29 /* Info.plist */,
			);
			path = test;
			sourceTree = "<group>";
		};
		B4B4551E247FBF0700503E29 /* testTests */ = {
			isa = PBXGroup;
			children = (
				B4B4551F247FBF0700503E29 /* testTests.swift */,
				B4B45521247FBF0700503E29 /* Info.plist */,
			);
			path = testTests;
			sourceTree = "<group>";
		};
		B4B45529247FBF0700503E29 /* testUITests */ = {
			isa = PBXGroup;
			children = (
				B4B4552A247FBF0700503E29 /* testUITests.swift */,
				B4B4552C247FBF0700503E29 /* Info.plist */,
			);
			path = testUITests;
			sourceTree = "<group>";
		};
/* End PBXGroup section */

/* Begin PBXNativeTarget section */
		B4B45504247FBF0500503E29 /* test */ = {
			isa = PBXNativeTarget;
			buildConfigurationList = B4B4552F247FBF0700503E29 /* Build configuration list for PBXNativeTarget "test" */;
			buildPhases = (
				B4B45501247FBF0500503E29 /* Sources */,
				B4B45502247FBF0500503E29 /* Frameworks */,
				B4B45503247FBF0500503E29 /* Resources */,
			);
			buildRules = (
			);
			dependencies = (
			);
			name = test;
			productName = test;
			productReference = B4B45505247FBF0500503E29 /* test.app */;
			productType = "com.apple.product-type.application";
		};
		B4B4551A247FBF0700503E29 /* testTests */ = {
			isa = PBXNativeTarget;
			buildConfigurationList = B4B45532247FBF0700503E29 /* Build configuration list for PBXNativeTarget "testTests" */;
			buildPhases = (
				B4B45517247FBF0700503E29 /* Sources */,
				B4B45518247FBF0700503E29 /* Frameworks */,
				B4B45519247FBF0700503E29 /* Resources */,
			);
			buildRules = (
			);
			dependencies = (
				B4B4551D247FBF0700503E29 /* PBXTargetDependency */,
			);
			name = testTests;
			productName = testTests;
			productReference = B4B4551B247FBF0700503E29 /* testTests.xctest */;
			productType = "com.apple.product-type.bundle.unit-test";
		};
		B4B45525247FBF0700503E29 /* testUITests */ = {
			isa = PBXNativeTarget;
			buildConfigurationList = B4B45535247FBF0700503E29 /* Build configuration list for PBXNativeTarget "testUITests" */;
			buildPhases = (
				B4B45522247FBF0700503E29 /* Sources */,
				B4B45523247FBF0700503E29 /* Frameworks */,
				B4B45524247FBF0700503E29 /* Resources */,
			);
			buildRules = (
			);
			dependencies = (
				B4B45528247FBF0700503E29 /* PBXTargetDependency */,
			);
			name = testUITests;
			productName = testUITests;
			productReference = B4B45526247FBF0700503E29 /* testUITests.xctest */;
			productType = "com.apple.product-type.bundle.ui-testing";
		};
/* End PBXNativeTarget section */

/* Begin PBXProject section */
		B4B454FD247FBF0500503E29 /* Project object */ = {
			isa = PBXProject;
			attributes = {
				LastSwiftUpdateCheck = 1150;
				LastUpgradeCheck = 1150;
				ORGANIZATIONNAME = DEAUX;
				TargetAttributes = {
					B4B45504247FBF0500503E29 = {
						CreatedOnToolsVersion = 11.5;
					};
					B4B4551A247FBF0700503E29 = {
						CreatedOnToolsVersion = 11.5;
						TestTargetID = B4B45504247FBF0500503E29;
					};
					B4B45525247FBF0700503E29 = {
						CreatedOnToolsVersion = 11.5;
						TestTargetID = B4B45504247FBF0500503E29;
					};
				};
			};
			buildConfigurationList = B4B45500247FBF0500503E29 /* Build configuration list for PBXProject "test" */;
			compatibilityVersion = "Xcode 9.3";
			developmentRegion = en;
			hasScannedForEncodings = 0;
			knownRegions = (
				en,
				Base,
			);
			mainGroup = B4B454FC247FBF0500503E29;
			productRefGroup = B4B45506247FBF0500503E29 /* Products */;
			projectDirPath = "";
			projectRoot = "";
			targets = (
				B4B45504247FBF0500503E29 /* test */,
				B4B4551A247FBF0700503E29 /* testTests */,
				B4B45525247FBF0700503E29 /* testUITests */,
			);
		};
/* End PBXProject section */

/* Begin PBXResourcesBuildPhase section */
		B4B45503247FBF0500503E29 /* Resources */ = {
			isa = PBXResourcesBuildPhase;
			buildActionMask = 2147483647;
			files = (
				B4B45515247FBF0700503E29 /* LaunchScreen.storyboard in Resources */,
				B4B45512247FBF0700503E29 /* Assets.xcassets in Resources */,
				B4B45510247FBF0500503E29 /* Main.storyboard in Resources */,
			);
			runOnlyForDeploymentPostprocessing = 0;
		};
		B4B45519247FBF0700503E29 /* Resources */ = {
			isa = PBXResourcesBuildPhase;
			buildActionMask = 2147483647;
			files = (
			);
			runOnlyForDeploymentPostprocessing = 0;
		};
		B4B45524247FBF0700503E29 /* Resources */ = {
			isa = PBXResourcesBuildPhase;
			buildActionMask = 2147483647;
			files = (
			);
			runOnlyForDeploymentPostprocessing = 0;
		};
/* End PBXResourcesBuildPhase section */

/* Begin PBXSourcesBuildPhase section */
		B4B45501247FBF0500503E29 /* Sources */ = {
			isa = PBXSourcesBuildPhase;
			buildActionMask = 2147483647;
			files = (
				B4B4550D247FBF0500503E29 /* ViewController.swift in Sources */,
				B4B45509247FBF0500503E29 /* AppDelegate.swift in Sources */,
				B4B4550B247FBF0500503E29 /* SceneDelegate.swift in Sources */,
			);
			runOnlyForDeploymentPostprocessing = 0;
		};
		B4B45517247FBF0700503E29 /* Sources */ = {
			isa = PBXSourcesBuildPhase;
			buildActionMask = 2147483647;
			files = (
				B4B45520247FBF0700503E29 /* testTests.swift in Sources */,
			);
			runOnlyForDeploymentPostprocessing = 0;
		};
		B4B45522247FBF0700503E29 /* Sources */ = {
			isa = PBXSourcesBuildPhase;
			buildActionMask = 2147483647;
			files = (
				B4B4552B247FBF0700503E29 /* testUITests.swift in Sources */,
			);
			runOnlyForDeploymentPostprocessing = 0;
		};
/* End PBXSourcesBuildPhase section */

/* Begin PBXTargetDependency section */
		B4B4551D247FBF0700503E29 /* PBXTargetDependency */ = {
			isa = PBXTargetDependency;
			target = B4B45504247FBF0500503E29 /* test */;
			targetProxy = B4B4551C247FBF0700503E29 /* PBXContainerItemProxy */;
		};
		B4B45528247FBF0700503E29 /* PBXTargetDependency */ = {
			isa = PBXTargetDependency;
			target = B4B45504247FBF0500503E29 /* test */;
			targetProxy = B4B45527247FBF0700503E29 /* PBXContainerItemProxy */;
		};
/* End PBXTargetDependency section */

/* Begin PBXVariantGroup section */
		B4B4550E247FBF0500503E29 /* Main.storyboard */ = {
			isa = PBXVariantGroup;
			children = (
				B4B4550F247FBF0500503E29 /* Base */,
			);
			name = Main.storyboard;
			sourceTree = "<group>";
		};
		B4B45513247FBF0700503E29 /* LaunchScreen.storyboard */ = {
			isa = PBXVariantGroup;
			children = (
				B4B45514247FBF0700503E29 /* Base */,
			);
			name = LaunchScreen.storyboard;
			sourceTree = "<group>";
		};
/* End PBXVariantGroup section */

/* Begin XCBuildConfiguration section */
		B4B4552D247FBF0700503E29 /* Debug */ = {
			isa = XCBuildConfiguration;
			buildSettings = {
				ALWAYS_SEARCH_USER_PATHS = NO;
				CLANG_ANALYZER_NONNULL = YES;
				CLANG_ANALYZER_NUMBER_OBJECT_CONVERSION = YES_AGGRESSIVE;
				CLANG_CXX_LANGUAGE_STANDARD = "gnu++14";
				CLANG_CXX_LIBRARY = "libc++";
				CLANG_ENABLE_MODULES = YES;
				CLANG_ENABLE_OBJC_ARC = YES;
				CLANG_ENABLE_OBJC_WEAK = YES;
				CLANG_WARN_BLOCK_CAPTURE_AUTORELEASING = YES;
				CLANG_WARN_BOOL_CONVERSION = YES;
				CLANG_WARN_COMMA = YES;
				CLANG_WARN_CONSTANT_CONVERSION = YES;
				CLANG_WARN_DEPRECATED_OBJC_IMPLEMENTATIONS = YES;
				CLANG_WARN_DIRECT_OBJC_ISA_USAGE = YES_ERROR;
				CLANG_WARN_DOCUMENTATION_COMMENTS = YES;
				CLANG_WARN_EMPTY_BODY = YES;
				CLANG_WARN_ENUM_CONVERSION = YES;
				CLANG_WARN_INFINITE_RECURSION = YES;
				CLANG_WARN_INT_CONVERSION = YES;
				CLANG_WARN_NON_LITERAL_NULL_CONVERSION = YES;
				CLANG_WARN_OBJC_IMPLICIT_RETAIN_SELF = YES;
				CLANG_WARN_OBJC_LITERAL_CONVERSION = YES;
				CLANG_WARN_OBJC_ROOT_CLASS = YES_ERROR;
				CLANG_WARN_RANGE_LOOP_ANALYSIS = YES;
				CLANG_WARN_STRICT_PROTOTYPES = YES;
				CLANG_WARN_SUSPICIOUS_MOVE = YES;
				CLANG_WARN_UNGUARDED_AVAILABILITY = YES_AGGRESSIVE;
				CLANG_WARN_UNREACHABLE_CODE = YES;
				CLANG_WARN__DUPLICATE_METHOD_MATCH = YES;
				COPY_PHASE_STRIP = NO;
				DEBUG_INFORMATION_FORMAT = dwarf;
				ENABLE_STRICT_OBJC_MSGSEND = YES;
				ENABLE_TESTABILITY = YES;
				GCC_C_LANGUAGE_STANDARD = gnu11;
				GCC_DYNAMIC_NO_PIC = NO;
				GCC_NO_COMMON_BLOCKS = YES;
				GCC_OPTIMIZATION_LEVEL = 0;
				GCC_PREPROCESSOR_DEFINITIONS = (
					"DEBUG=1",
					"$(inherited)",
				);
				GCC_WARN_64_TO_32_BIT_CONVERSION = YES;
				GCC_WARN_ABOUT_RETURN_TYPE = YES_ERROR;
				GCC_WARN_UNDECLARED_SELECTOR = YES;
				GCC_WARN_UNINITIALIZED_AUTOS = YES_AGGRESSIVE;
				GCC_WARN_UNUSED_FUNCTION = YES;
				GCC_WARN_UNUSED_VARIABLE = YES;
				IPHONEOS_DEPLOYMENT_TARGET = 13.5;
				MTL_ENABLE_DEBUG_INFO = INCLUDE_SOURCE;
				MTL_FAST_MATH = YES;
				ONLY_ACTIVE_ARCH = YES;
				SDKROOT = iphoneos;
				SWIFT_ACTIVE_COMPILATION_CONDITIONS = DEBUG;
				SWIFT_OPTIMIZATION_LEVEL = "-Onone";
			};
			name = Debug;
		};
		B4B4552E247FBF0700503E29 /* Release */ = {
			isa = XCBuildConfiguration;
			buildSettings = {
				ALWAYS_SEARCH_USER_PATHS = NO;
				CLANG_ANALYZER_NONNULL = YES;
				CLANG_ANALYZER_NUMBER_OBJECT_CONVERSION = YES_AGGRESSIVE;
				CLANG_CXX_LANGUAGE_STANDARD = "gnu++14";
				CLANG_CXX_LIBRARY = "libc++";
				CLANG_ENABLE_MODULES = YES;
				CLANG_ENABLE_OBJC_ARC = YES;
				CLANG_ENABLE_OBJC_WEAK = YES;
				CLANG_WARN_BLOCK_CAPTURE_AUTORELEASING = YES;
				CLANG_WARN_BOOL_CONVERSION = YES;
				CLANG_WARN_COMMA = YES;
				CLANG_WARN_CONSTANT_CONVERSION = YES;
				CLANG_WARN_DEPRECATED_OBJC_IMPLEMENTATIONS = YES;
				CLANG_WARN_DIRECT_OBJC_ISA_USAGE = YES_ERROR;
				CLANG_WARN_DOCUMENTATION_COMMENTS = YES;
				CLANG_WARN_EMPTY_BODY = YES;
				CLANG_WARN_ENUM_CONVERSION = YES;
				CLANG_WARN_INFINITE_RECURSION = YES;
				CLANG_WARN_INT_CONVERSION = YES;
				CLANG_WARN_NON_LITERAL_NULL_CONVERSION = YES;
				CLANG_WARN_OBJC_IMPLICIT_RETAIN_SELF = YES;
				CLANG_WARN_OBJC_LITERAL_CONVERSION = YES;
				CLANG_WARN_OBJC_ROOT_CLASS = YES_ERROR;
				CLANG_WARN_RANGE_LOOP_ANALYSIS = YES;
				CLANG_WARN_STRICT_PROTOTYPES = YES;
				CLANG_WARN_SUSPICIOUS_MOVE = YES;
				CLANG_WARN_UNGUARDED_AVAILABILITY = YES_AGGRESSIVE;
				CLANG_WARN_UNREACHABLE_CODE = YES;
				CLANG_WARN__DUPLICATE_METHOD_MATCH = YES;
				COPY_PHASE_STRIP = NO;
				DEBUG_INFORMATION_FORMAT = "dwarf-with-dsym";
				ENABLE_NS_ASSERTIONS = NO;
				ENABLE_STRICT_OBJC_MSGSEND = YES;
				GCC_C_LANGUAGE_STANDARD = gnu11;
				GCC_NO_COMMON_BLOCKS = YES;
				GCC_WARN_64_TO_32_BIT_CONVERSION = YES;
				GCC_WARN_ABOUT_RETURN_TYPE = YES_ERROR;
				GCC_WARN_UNDECLARED_SELECTOR = YES;
				GCC_WARN_UNINITIALIZED_AUTOS = YES_AGGRESSIVE;
				GCC_WARN_UNUSED_FUNCTION = YES;
				GCC_WARN_UNUSED_VARIABLE = YES;
				IPHONEOS_DEPLOYMENT_TARGET = 13.5;
				MTL_ENABLE_DEBUG_INFO = NO;
				MTL_FAST_MATH = YES;
				SDKROOT = iphoneos;
				SWIFT_COMPILATION_MODE = wholemodule;
				SWIFT_OPTIMIZATION_LEVEL = "-O";
				VALIDATE_PRODUCT = YES;
			};
			name = Release;
		};
		B4B45530247FBF0700503E29 /* Debug */ = {
			isa = XCBuildConfiguration;
			buildSettings = {
				ASSETCATALOG_COMPILER_APPICON_NAME = AppIcon;
				CODE_SIGN_STYLE = Automatic;
				INFOPLIST_FILE = test/Info.plist;
				LD_RUNPATH_SEARCH_PATHS = (
					"$(inherited)",
					"@executable_path/Frameworks",
				);
				PRODUCT_BUNDLE_IDENTIFIER = DEAUX.test;
				PRODUCT_NAME = "$(TARGET_NAME)";
				SWIFT_VERSION = 5.0;
				TARGETED_DEVICE_FAMILY = "1,2";
			};
			name = Debug;
		};
		B4B45531247FBF0700503E29 /* Release */ = {
			isa = XCBuildConfiguration;
			buildSettings = {
				ASSETCATALOG_COMPILER_APPICON_NAME = AppIcon;
				CODE_SIGN_STYLE = Automatic;
				INFOPLIST_FILE = test/Info.plist;
				LD_RUNPATH_SEARCH_PATHS = (
					"$(inherited)",
					"@executable_path/Frameworks",
				);
				PRODUCT_BUNDLE_IDENTIFIER = DEAUX.test;
				PRODUCT_NAME = "$(TARGET_NAME)";
				SWIFT_VERSION = 5.0;
				TARGETED_DEVICE_FAMILY = "1,2";
			};
			name = Release;
		};
		B4B45533247FBF0700503E29 /* Debug */ = {
			isa = XCBuildConfiguration;
			buildSettings = {
				ALWAYS_EMBED_SWIFT_STANDARD_LIBRARIES = YES;
				BUNDLE_LOADER = "$(TEST_HOST)";
				CODE_SIGN_STYLE = Automatic;
				INFOPLIST_FILE = testTests/Info.plist;
				IPHONEOS_DEPLOYMENT_TARGET = 13.5;
				LD_RUNPATH_SEARCH_PATHS = (
					"$(inherited)",
					"@executable_path/Frameworks",
					"@loader_path/Frameworks",
				);
				PRODUCT_BUNDLE_IDENTIFIER = DEAUX.testTests;
				PRODUCT_NAME = "$(TARGET_NAME)";
				SWIFT_VERSION = 5.0;
				TARGETED_DEVICE_FAMILY = "1,2";
				TEST_HOST = "$(BUILT_PRODUCTS_DIR)/test.app/test";
			};
			name = Debug;
		};
		B4B45534247FBF0700503E29 /* Release */ = {
			isa = XCBuildConfiguration;
			buildSettings = {
				ALWAYS_EMBED_SWIFT_STANDARD_LIBRARIES = YES;
				BUNDLE_LOADER = "$(TEST_HOST)";
				CODE_SIGN_STYLE = Automatic;
				INFOPLIST_FILE = testTests/Info.plist;
				IPHONEOS_DEPLOYMENT_TARGET = 13.5;
				LD_RUNPATH_SEARCH_PATHS = (
					"$(inherited)",
					"@executable_path/Frameworks",
					"@loader_path/Frameworks",
				);
				PRODUCT_BUNDLE_IDENTIFIER = DEAUX.testTests;
				PRODUCT_NAME = "$(TARGET_NAME)";
				SWIFT_VERSION = 5.0;
				TARGETED_DEVICE_FAMILY = "1,2";
				TEST_HOST = "$(BUILT_PRODUCTS_DIR)/test.app/test";
			};
			name = Release;
		};
		B4B45536247FBF0700503E29 /* Debug */ = {
			isa = XCBuildConfiguration;
			buildSettings = {
				ALWAYS_EMBED_SWIFT_STANDARD_LIBRARIES = YES;
				CODE_SIGN_STYLE = Automatic;
				INFOPLIST_FILE = testUITests/Info.plist;
				LD_RUNPATH_SEARCH_PATHS = (
					"$(inherited)",
					"@executable_path/Frameworks",
					"@loader_path/Frameworks",
				);
				PRODUCT_BUNDLE_IDENTIFIER = DEAUX.testUITests;
				PRODUCT_NAME = "$(TARGET_NAME)";
				SWIFT_VERSION = 5.0;
				TARGETED_DEVICE_FAMILY = "1,2";
				TEST_TARGET_NAME = test;
			};
			name = Debug;
		};
		B4B45537247FBF0700503E29 /* Release */ = {
			isa = XCBuildConfiguration;
			buildSettings = {
				ALWAYS_EMBED_SWIFT_STANDARD_LIBRARIES = YES;
				CODE_SIGN_STYLE = Automatic;
				INFOPLIST_FILE = testUITests/Info.plist;
				LD_RUNPATH_SEARCH_PATHS = (
					"$(inherited)",
					"@executable_path/Frameworks",
					"@loader_path/Frameworks",
				);
				PRODUCT_BUNDLE_IDENTIFIER = DEAUX.testUITests;
				PRODUCT_NAME = "$(TARGET_NAME)";
				SWIFT_VERSION = 5.0;
				TARGETED_DEVICE_FAMILY = "1,2";
				TEST_TARGET_NAME = test;
			};
			name = Release;
		};
/* End XCBuildConfiguration section */

/* Begin XCConfigurationList section */
		B4B45500247FBF0500503E29 /* Build configuration list for PBXProject "test" */ = {
			isa = XCConfigurationList;
			buildConfigurations = (
				B4B4552D247FBF0700503E29 /* Debug */,
				B4B4552E247FBF0700503E29 /* Release */,
			);
			defaultConfigurationIsVisible = 0;
			defaultConfigurationName = Release;
		};
		B4B4552F247FBF0700503E29 /* Build configuration list for PBXNativeTarget "test" */ = {
			isa = XCConfigurationList;
			buildConfigurations = (
				B4B45530247FBF0700503E29 /* Debug */,
				B4B45531247FBF0700503E29 /* Release */,
			);
			defaultConfigurationIsVisible = 0;
			defaultConfigurationName = Release;
		};
		B4B45532247FBF0700503E29 /* Build configuration list for PBXNativeTarget "testTests" */ = {
			isa = XCConfigurationList;
			buildConfigurations = (
				B4B45533247FBF0700503E29 /* Debug */,
				B4B45534247FBF0700503E29 /* Release */,
			);
			defaultConfigurationIsVisible = 0;
			defaultConfigurationName = Release;
		};
		B4B45535247FBF0700503E29 /* Build configuration list for PBXNativeTarget "testUITests" */ = {
			isa = XCConfigurationList;
			buildConfigurations = (
				B4B45536247FBF0700503E29 /* Debug */,
				B4B45537247FBF0700503E29 /* Release */,
			);
			defaultConfigurationIsVisible = 0;
			defaultConfigurationName = Release;
		};
/* End XCConfigurationList section */
	};
	rootObject = B4B454FD247FBF0500503E29 /* Project object */;
}
